
Microsoft Visual Studio Solution File, Format Version 12.00
# Visual Studio Version 16
VisualStudioVersion = 16.0.32630.194
MinimumVisualStudioVersion = 10.0.40219.1
Project("{FAE04EC0-301F-11D3-BF4B-00C04F79EFBC}") = "Expression_Tree_Demo", "Expression_Tree_Demo.csproj", "{EFC7002E-5F79-4C59-83E8-7F7FF6188310}"
EndProject
Project("{FAE04EC0-301F-11D3-BF4B-00C04F79EFBC}") = "Linq_XML_Sort_Demo", "..\Linq_XML_Sort_Demo\Linq_XML_Sort_Demo.csproj", "{51C56424-3086-4433-8E23-A90CBCC183AC}"
EndProject
Project("{FAE04EC0-301F-11D3-BF4B-00C04F79EFBC}") = "Linq_XML_Demo", "..\Linq_XML_Demo\Linq_XML_Demo.csproj", "{606657A0-83B9-41E0-9BA1-0AA85E9226A7}"
EndProject
Project("{FAE04EC0-301F-11D3-BF4B-00C04F79EFBC}") = "Entity_data_mamnagement_demo", "..\Entity_data_mamnagement_demo\Entity_data_mamnagement_demo.csproj", "{73886F75-7DBF-454B-A60C-634B147F1CFC}"
EndProject
Global
	GlobalSection(SolutionConfigurationPlatforms) = preSolution
		Debug|Any CPU = Debug|Any CPU
		Release|Any CPU = Release|Any CPU
	EndGlobalSection
	GlobalSection(ProjectConfigurationPlatforms) = postSolution
		{EFC7002E-5F79-4C59-83E8-7F7FF6188310}.Debug|Any CPU.ActiveCfg = Debug|Any CPU
		{EFC7002E-5F79-4C59-83E8-7F7FF6188310}.Debug|Any CPU.Build.0 = Debug|Any CPU
		{EFC7002E-5F79-4C59-83E8-7F7FF6188310}.Release|Any CPU.ActiveCfg = Release|Any CPU
		{EFC7002E-5F79-4C59-83E8-7F7FF6188310}.Release|Any CPU.Build.0 = Release|Any CPU
		{51C56424-3086-4433-8E23-A90CBCC183AC}.Debug|Any CPU.ActiveCfg = Debug|Any CPU
		{51C56424-3086-4433-8E23-A90CBCC183AC}.Debug|Any CPU.Build.0 = Debug|Any CPU
		{51C56424-3086-4433-8E23-A90CBCC183AC}.Release|Any CPU.ActiveCfg = Release|Any CPU
		{51C56424-3086-4433-8E23-A90CBCC183AC}.Release|Any CPU.Build.0 = Release|Any CPU
		{606657A0-83B9-41E0-9BA1-0AA85E9226A7}.Debug|Any CPU.ActiveCfg = Debug|Any CPU
		{606657A0-83B9-41E0-9BA1-0AA85E9226A7}.Debug|Any CPU.Build.0 = Debug|Any CPU
		{606657A0-83B9-41E0-9BA1-0AA85E9226A7}.Release|Any CPU.ActiveCfg = Release|Any CPU
		{606657A0-83B9-41E0-9BA1-0AA85E9226A7}.Release|Any CPU.Build.0 = Release|Any CPU
		{73886F75-7DBF-454B-A60C-634B147F1CFC}.Debug|Any CPU.ActiveCfg = Debug|Any CPU
		{73886F75-7DBF-454B-A60C-634B147F1CFC}.Debug|Any CPU.Build.0 = Debug|Any CPU
		{73886F75-7DBF-454B-A60C-634B147F1CFC}.Release|Any CPU.ActiveCfg = Release|Any CPU
		{73886F75-7DBF-454B-A60C-634B147F1CFC}.Release|Any CPU.Build.0 = Release|Any CPU
	EndGlobalSection
	GlobalSection(SolutionProperties) = preSolution
		HideSolutionNode = FALSE
	EndGlobalSection
	GlobalSection(ExtensibilityGlobals) = postSolution
		SolutionGuid = {DCB4248E-4226-4930-B983-A4C28B249DD0}
	EndGlobalSection
EndGlobal
