
Microsoft Visual Studio Solution File, Format Version 12.00
# Visual Studio Version 16
VisualStudioVersion = 16.0.32630.194
MinimumVisualStudioVersion = 10.0.40219.1
Project("{FAE04EC0-301F-11D3-BF4B-00C04F79EFBC}") = "Shopping_MVC_demo", "Shopping_MVC_demo.csproj", "{235DBB3B-92DB-464F-848F-37EE78A688CE}"
EndProject
Global
	GlobalSection(SolutionConfigurationPlatforms) = preSolution
		Debug|Any CPU = Debug|Any CPU
		Release|Any CPU = Release|Any CPU
	EndGlobalSection
	GlobalSection(ProjectConfigurationPlatforms) = postSolution
		{235DBB3B-92DB-464F-848F-37EE78A688CE}.Debug|Any CPU.ActiveCfg = Debug|Any CPU
		{235DBB3B-92DB-464F-848F-37EE78A688CE}.Debug|Any CPU.Build.0 = Debug|Any CPU
		{235DBB3B-92DB-464F-848F-37EE78A688CE}.Release|Any CPU.ActiveCfg = Release|Any CPU
		{235DBB3B-92DB-464F-848F-37EE78A688CE}.Release|Any CPU.Build.0 = Release|Any CPU
	EndGlobalSection
	GlobalSection(SolutionProperties) = preSolution
		HideSolutionNode = FALSE
	EndGlobalSection
	GlobalSection(ExtensibilityGlobals) = postSolution
		SolutionGuid = {AF1451A1-5BE5-4A5E-9D70-778DB701D100}
	EndGlobalSection
EndGlobal
