
Microsoft Visual Studio Solution File, Format Version 12.00
# Visual Studio Version 16
VisualStudioVersion = 16.0.32630.194
MinimumVisualStudioVersion = 10.0.40219.1
Project("{FAE04EC0-301F-11D3-BF4B-00C04F79EFBC}") = "Data_Access_Layer", "Data_Access_Layer.csproj", "{03579E1C-AD0D-4759-8FA0-A4579DB92856}"
EndProject
Global
	GlobalSection(SolutionConfigurationPlatforms) = preSolution
		Debug|Any CPU = Debug|Any CPU
		Release|Any CPU = Release|Any CPU
	EndGlobalSection
	GlobalSection(ProjectConfigurationPlatforms) = postSolution
		{03579E1C-AD0D-4759-8FA0-A4579DB92856}.Debug|Any CPU.ActiveCfg = Debug|Any CPU
		{03579E1C-AD0D-4759-8FA0-A4579DB92856}.Debug|Any CPU.Build.0 = Debug|Any CPU
		{03579E1C-AD0D-4759-8FA0-A4579DB92856}.Release|Any CPU.ActiveCfg = Release|Any CPU
		{03579E1C-AD0D-4759-8FA0-A4579DB92856}.Release|Any CPU.Build.0 = Release|Any CPU
	EndGlobalSection
	GlobalSection(SolutionProperties) = preSolution
		HideSolutionNode = FALSE
	EndGlobalSection
	GlobalSection(ExtensibilityGlobals) = postSolution
		SolutionGuid = {C427D8CB-0386-443D-97B4-A0829DD27C4C}
	EndGlobalSection
EndGlobal
