
Microsoft Visual Studio Solution File, Format Version 12.00
# Visual Studio Version 16
VisualStudioVersion = 16.0.32630.194
MinimumVisualStudioVersion = 10.0.40219.1
Project("{FAE04EC0-301F-11D3-BF4B-00C04F79EFBC}") = "Task_on_Custom_Handling", "Task_on_Custom_Handling.csproj", "{9B5CE06B-2DBF-4E29-AEC4-D042BB2A2739}"
EndProject
Global
	GlobalSection(SolutionConfigurationPlatforms) = preSolution
		Debug|Any CPU = Debug|Any CPU
		Release|Any CPU = Release|Any CPU
	EndGlobalSection
	GlobalSection(ProjectConfigurationPlatforms) = postSolution
		{9B5CE06B-2DBF-4E29-AEC4-D042BB2A2739}.Debug|Any CPU.ActiveCfg = Debug|Any CPU
		{9B5CE06B-2DBF-4E29-AEC4-D042BB2A2739}.Debug|Any CPU.Build.0 = Debug|Any CPU
		{9B5CE06B-2DBF-4E29-AEC4-D042BB2A2739}.Release|Any CPU.ActiveCfg = Release|Any CPU
		{9B5CE06B-2DBF-4E29-AEC4-D042BB2A2739}.Release|Any CPU.Build.0 = Release|Any CPU
	EndGlobalSection
	GlobalSection(SolutionProperties) = preSolution
		HideSolutionNode = FALSE
	EndGlobalSection
	GlobalSection(ExtensibilityGlobals) = postSolution
		SolutionGuid = {D4F4CF00-D17B-4A0B-A1CF-F37F13387C7D}
	EndGlobalSection
EndGlobal
