
Microsoft Visual Studio Solution File, Format Version 12.00
# Visual Studio Version 16
VisualStudioVersion = 16.0.32630.194
MinimumVisualStudioVersion = 10.0.40219.1
Project("{FAE04EC0-301F-11D3-BF4B-00C04F79EFBC}") = "PageEventDemo", "PageEventDemo.csproj", "{0D6EAA26-E6FC-4EC8-BC15-F3305254A26F}"
EndProject
Global
	GlobalSection(SolutionConfigurationPlatforms) = preSolution
		Debug|Any CPU = Debug|Any CPU
		Release|Any CPU = Release|Any CPU
	EndGlobalSection
	GlobalSection(ProjectConfigurationPlatforms) = postSolution
		{0D6EAA26-E6FC-4EC8-BC15-F3305254A26F}.Debug|Any CPU.ActiveCfg = Debug|Any CPU
		{0D6EAA26-E6FC-4EC8-BC15-F3305254A26F}.Debug|Any CPU.Build.0 = Debug|Any CPU
		{0D6EAA26-E6FC-4EC8-BC15-F3305254A26F}.Release|Any CPU.ActiveCfg = Release|Any CPU
		{0D6EAA26-E6FC-4EC8-BC15-F3305254A26F}.Release|Any CPU.Build.0 = Release|Any CPU
	EndGlobalSection
	GlobalSection(SolutionProperties) = preSolution
		HideSolutionNode = FALSE
	EndGlobalSection
	GlobalSection(ExtensibilityGlobals) = postSolution
		SolutionGuid = {2D36EB00-4E31-46C9-A0DA-7095724FACC5}
	EndGlobalSection
EndGlobal
