
Microsoft Visual Studio Solution File, Format Version 12.00
# Visual Studio Version 16
VisualStudioVersion = 16.0.32602.291
MinimumVisualStudioVersion = 10.0.40219.1
Project("{FAE04EC0-301F-11D3-BF4B-00C04F79EFBC}") = "SQLCommands_Demo", "SQLCommands_Demo.csproj", "{ED53FF0F-339E-4F5F-B717-20E788A9B984}"
EndProject
Project("{FAE04EC0-301F-11D3-BF4B-00C04F79EFBC}") = "StudentApp_with_Database", "..\StudentApp_with_Database\StudentApp_with_Database.csproj", "{4CF1FF2B-28CD-4D75-B955-3F8B80474E07}"
EndProject
Global
	GlobalSection(SolutionConfigurationPlatforms) = preSolution
		Debug|Any CPU = Debug|Any CPU
		Release|Any CPU = Release|Any CPU
	EndGlobalSection
	GlobalSection(ProjectConfigurationPlatforms) = postSolution
		{ED53FF0F-339E-4F5F-B717-20E788A9B984}.Debug|Any CPU.ActiveCfg = Debug|Any CPU
		{ED53FF0F-339E-4F5F-B717-20E788A9B984}.Debug|Any CPU.Build.0 = Debug|Any CPU
		{ED53FF0F-339E-4F5F-B717-20E788A9B984}.Release|Any CPU.ActiveCfg = Release|Any CPU
		{ED53FF0F-339E-4F5F-B717-20E788A9B984}.Release|Any CPU.Build.0 = Release|Any CPU
		{4CF1FF2B-28CD-4D75-B955-3F8B80474E07}.Debug|Any CPU.ActiveCfg = Debug|Any CPU
		{4CF1FF2B-28CD-4D75-B955-3F8B80474E07}.Debug|Any CPU.Build.0 = Debug|Any CPU
		{4CF1FF2B-28CD-4D75-B955-3F8B80474E07}.Release|Any CPU.ActiveCfg = Release|Any CPU
		{4CF1FF2B-28CD-4D75-B955-3F8B80474E07}.Release|Any CPU.Build.0 = Release|Any CPU
	EndGlobalSection
	GlobalSection(SolutionProperties) = preSolution
		HideSolutionNode = FALSE
	EndGlobalSection
	GlobalSection(ExtensibilityGlobals) = postSolution
		SolutionGuid = {7BEBB5EF-850A-4E1D-A26F-03952D984071}
	EndGlobalSection
EndGlobal
