
Microsoft Visual Studio Solution File, Format Version 12.00
# Visual Studio Version 16
VisualStudioVersion = 16.0.31911.196
MinimumVisualStudioVersion = 10.0.40219.1
Project("{FAE04EC0-301F-11D3-BF4B-00C04F79EFBC}") = "Loginapplication", "Loginapplication\Loginapplication.csproj", "{CEE015C7-FE86-4D92-9E35-C231AFB36F2A}"
EndProject
Global
	GlobalSection(SolutionConfigurationPlatforms) = preSolution
		Debug|Any CPU = Debug|Any CPU
		Release|Any CPU = Release|Any CPU
	EndGlobalSection
	GlobalSection(ProjectConfigurationPlatforms) = postSolution
		{CEE015C7-FE86-4D92-9E35-C231AFB36F2A}.Debug|Any CPU.ActiveCfg = Debug|Any CPU
		{CEE015C7-FE86-4D92-9E35-C231AFB36F2A}.Debug|Any CPU.Build.0 = Debug|Any CPU
		{CEE015C7-FE86-4D92-9E35-C231AFB36F2A}.Release|Any CPU.ActiveCfg = Release|Any CPU
		{CEE015C7-FE86-4D92-9E35-C231AFB36F2A}.Release|Any CPU.Build.0 = Release|Any CPU
	EndGlobalSection
	GlobalSection(SolutionProperties) = preSolution
		HideSolutionNode = FALSE
	EndGlobalSection
	GlobalSection(ExtensibilityGlobals) = postSolution
		SolutionGuid = {7412841C-E4BC-4F74-BA25-6ADDA08A6BE9}
	EndGlobalSection
EndGlobal
