
Microsoft Visual Studio Solution File, Format Version 12.00
# Visual Studio Version 16
VisualStudioVersion = 16.0.32630.194
MinimumVisualStudioVersion = 10.0.40219.1
Project("{FAE04EC0-301F-11D3-BF4B-00C04F79EFBC}") = "MVC_Filter", "MVC_Filter.csproj", "{81B3AB76-8D70-41F7-B6D2-CFA0AB08266B}"
EndProject
Global
	GlobalSection(SolutionConfigurationPlatforms) = preSolution
		Debug|Any CPU = Debug|Any CPU
		Release|Any CPU = Release|Any CPU
	EndGlobalSection
	GlobalSection(ProjectConfigurationPlatforms) = postSolution
		{81B3AB76-8D70-41F7-B6D2-CFA0AB08266B}.Debug|Any CPU.ActiveCfg = Debug|Any CPU
		{81B3AB76-8D70-41F7-B6D2-CFA0AB08266B}.Debug|Any CPU.Build.0 = Debug|Any CPU
		{81B3AB76-8D70-41F7-B6D2-CFA0AB08266B}.Release|Any CPU.ActiveCfg = Release|Any CPU
		{81B3AB76-8D70-41F7-B6D2-CFA0AB08266B}.Release|Any CPU.Build.0 = Release|Any CPU
	EndGlobalSection
	GlobalSection(SolutionProperties) = preSolution
		HideSolutionNode = FALSE
	EndGlobalSection
	GlobalSection(ExtensibilityGlobals) = postSolution
		SolutionGuid = {15541E49-6D79-42C7-BFFE-1342D56F51D1}
	EndGlobalSection
EndGlobal
