
Microsoft Visual Studio Solution File, Format Version 12.00
# Visual Studio Version 16
VisualStudioVersion = 16.0.32630.194
MinimumVisualStudioVersion = 10.0.40219.1
Project("{FAE04EC0-301F-11D3-BF4B-00C04F79EFBC}") = "Student_Course_Presentation", "Student_Course_Presentation.csproj", "{3648B614-CE73-486F-9DA2-1DB13B989909}"
EndProject
Project("{FAE04EC0-301F-11D3-BF4B-00C04F79EFBC}") = "Student_Course_BusinessLogic", "..\Student_Course_BusinessLogic\Student_Course_BusinessLogic.csproj", "{6304B66F-7304-45F5-92C8-35102061FF81}"
EndProject
Project("{FAE04EC0-301F-11D3-BF4B-00C04F79EFBC}") = "Student_Course_Data_Access_Layer", "..\Student_Course_Data_Access_Layer\Student_Course_Data_Access_Layer.csproj", "{F5EA8C93-2E02-4453-9EFA-4FB84B77ECAB}"
EndProject
Project("{FAE04EC0-301F-11D3-BF4B-00C04F79EFBC}") = "Entity", "..\Entity\Entity.csproj", "{4DB768F4-1990-4062-ABE5-53FF34588D42}"
EndProject
Global
	GlobalSection(SolutionConfigurationPlatforms) = preSolution
		Debug|Any CPU = Debug|Any CPU
		Release|Any CPU = Release|Any CPU
	EndGlobalSection
	GlobalSection(ProjectConfigurationPlatforms) = postSolution
		{3648B614-CE73-486F-9DA2-1DB13B989909}.Debug|Any CPU.ActiveCfg = Debug|Any CPU
		{3648B614-CE73-486F-9DA2-1DB13B989909}.Debug|Any CPU.Build.0 = Debug|Any CPU
		{3648B614-CE73-486F-9DA2-1DB13B989909}.Release|Any CPU.ActiveCfg = Release|Any CPU
		{3648B614-CE73-486F-9DA2-1DB13B989909}.Release|Any CPU.Build.0 = Release|Any CPU
		{6304B66F-7304-45F5-92C8-35102061FF81}.Debug|Any CPU.ActiveCfg = Debug|Any CPU
		{6304B66F-7304-45F5-92C8-35102061FF81}.Debug|Any CPU.Build.0 = Debug|Any CPU
		{6304B66F-7304-45F5-92C8-35102061FF81}.Release|Any CPU.ActiveCfg = Release|Any CPU
		{6304B66F-7304-45F5-92C8-35102061FF81}.Release|Any CPU.Build.0 = Release|Any CPU
		{F5EA8C93-2E02-4453-9EFA-4FB84B77ECAB}.Debug|Any CPU.ActiveCfg = Debug|Any CPU
		{F5EA8C93-2E02-4453-9EFA-4FB84B77ECAB}.Debug|Any CPU.Build.0 = Debug|Any CPU
		{F5EA8C93-2E02-4453-9EFA-4FB84B77ECAB}.Release|Any CPU.ActiveCfg = Release|Any CPU
		{F5EA8C93-2E02-4453-9EFA-4FB84B77ECAB}.Release|Any CPU.Build.0 = Release|Any CPU
		{4DB768F4-1990-4062-ABE5-53FF34588D42}.Debug|Any CPU.ActiveCfg = Debug|Any CPU
		{4DB768F4-1990-4062-ABE5-53FF34588D42}.Debug|Any CPU.Build.0 = Debug|Any CPU
		{4DB768F4-1990-4062-ABE5-53FF34588D42}.Release|Any CPU.ActiveCfg = Release|Any CPU
		{4DB768F4-1990-4062-ABE5-53FF34588D42}.Release|Any CPU.Build.0 = Release|Any CPU
	EndGlobalSection
	GlobalSection(SolutionProperties) = preSolution
		HideSolutionNode = FALSE
	EndGlobalSection
	GlobalSection(ExtensibilityGlobals) = postSolution
		SolutionGuid = {F4A35FB6-B202-4A60-A4C9-BA20329F765D}
	EndGlobalSection
EndGlobal
