
Microsoft Visual Studio Solution File, Format Version 12.00
# Visual Studio Version 16
VisualStudioVersion = 16.0.32630.194
MinimumVisualStudioVersion = 10.0.40219.1
Project("{FAE04EC0-301F-11D3-BF4B-00C04F79EFBC}") = "Demo_Procedure_with_Parameter", "Demo_Procedure_with_Parameter.csproj", "{943923C0-3860-4A04-8A4B-A657B00C038D}"
EndProject
Global
	GlobalSection(SolutionConfigurationPlatforms) = preSolution
		Debug|Any CPU = Debug|Any CPU
		Release|Any CPU = Release|Any CPU
	EndGlobalSection
	GlobalSection(ProjectConfigurationPlatforms) = postSolution
		{943923C0-3860-4A04-8A4B-A657B00C038D}.Debug|Any CPU.ActiveCfg = Debug|Any CPU
		{943923C0-3860-4A04-8A4B-A657B00C038D}.Debug|Any CPU.Build.0 = Debug|Any CPU
		{943923C0-3860-4A04-8A4B-A657B00C038D}.Release|Any CPU.ActiveCfg = Release|Any CPU
		{943923C0-3860-4A04-8A4B-A657B00C038D}.Release|Any CPU.Build.0 = Release|Any CPU
	EndGlobalSection
	GlobalSection(SolutionProperties) = preSolution
		HideSolutionNode = FALSE
	EndGlobalSection
	GlobalSection(ExtensibilityGlobals) = postSolution
		SolutionGuid = {E4F4574F-7628-4C44-9A76-88BD70DC1642}
	EndGlobalSection
EndGlobal
