
Microsoft Visual Studio Solution File, Format Version 12.00
# Visual Studio Version 16
VisualStudioVersion = 16.0.32630.194
MinimumVisualStudioVersion = 10.0.40219.1
Project("{FAE04EC0-301F-11D3-BF4B-00C04F79EFBC}") = "ConsoleApp2", "ConsoleApp2\ConsoleApp2.csproj", "{AC2A8330-CF20-41EF-B1FE-D1C213162199}"
EndProject
Global
	GlobalSection(SolutionConfigurationPlatforms) = preSolution
		Debug|Any CPU = Debug|Any CPU
		Release|Any CPU = Release|Any CPU
	EndGlobalSection
	GlobalSection(ProjectConfigurationPlatforms) = postSolution
		{AC2A8330-CF20-41EF-B1FE-D1C213162199}.Debug|Any CPU.ActiveCfg = Debug|Any CPU
		{AC2A8330-CF20-41EF-B1FE-D1C213162199}.Debug|Any CPU.Build.0 = Debug|Any CPU
		{AC2A8330-CF20-41EF-B1FE-D1C213162199}.Release|Any CPU.ActiveCfg = Release|Any CPU
		{AC2A8330-CF20-41EF-B1FE-D1C213162199}.Release|Any CPU.Build.0 = Release|Any CPU
	EndGlobalSection
	GlobalSection(SolutionProperties) = preSolution
		HideSolutionNode = FALSE
	EndGlobalSection
	GlobalSection(ExtensibilityGlobals) = postSolution
		SolutionGuid = {2355110B-55C1-4700-B9FF-7913CDE5F8E1}
	EndGlobalSection
EndGlobal
