
Microsoft Visual Studio Solution File, Format Version 12.00
# Visual Studio Version 16
VisualStudioVersion = 16.0.32630.194
MinimumVisualStudioVersion = 10.0.40219.1
Project("{FAE04EC0-301F-11D3-BF4B-00C04F79EFBC}") = "ApiDemo", "ApiDemo.csproj", "{3FBA0788-42EE-4778-AD15-70712893DBFE}"
EndProject
Global
	GlobalSection(SolutionConfigurationPlatforms) = preSolution
		Debug|Any CPU = Debug|Any CPU
		Release|Any CPU = Release|Any CPU
	EndGlobalSection
	GlobalSection(ProjectConfigurationPlatforms) = postSolution
		{3FBA0788-42EE-4778-AD15-70712893DBFE}.Debug|Any CPU.ActiveCfg = Debug|Any CPU
		{3FBA0788-42EE-4778-AD15-70712893DBFE}.Debug|Any CPU.Build.0 = Debug|Any CPU
		{3FBA0788-42EE-4778-AD15-70712893DBFE}.Release|Any CPU.ActiveCfg = Release|Any CPU
		{3FBA0788-42EE-4778-AD15-70712893DBFE}.Release|Any CPU.Build.0 = Release|Any CPU
	EndGlobalSection
	GlobalSection(SolutionProperties) = preSolution
		HideSolutionNode = FALSE
	EndGlobalSection
	GlobalSection(ExtensibilityGlobals) = postSolution
		SolutionGuid = {4F2EC060-5E8F-4E03-8FE9-64B0F9902616}
	EndGlobalSection
EndGlobal
