
Microsoft Visual Studio Solution File, Format Version 12.00
# Visual Studio Version 16
VisualStudioVersion = 16.0.32630.194
MinimumVisualStudioVersion = 10.0.40219.1
Project("{FAE04EC0-301F-11D3-BF4B-00C04F79EFBC}") = "Linq_Asp_Demo", "Linq_Asp_Demo.csproj", "{C5387BF4-2D8D-4422-8CDB-200FB7EAA9B9}"
EndProject
Global
	GlobalSection(SolutionConfigurationPlatforms) = preSolution
		Debug|Any CPU = Debug|Any CPU
		Release|Any CPU = Release|Any CPU
	EndGlobalSection
	GlobalSection(ProjectConfigurationPlatforms) = postSolution
		{C5387BF4-2D8D-4422-8CDB-200FB7EAA9B9}.Debug|Any CPU.ActiveCfg = Debug|Any CPU
		{C5387BF4-2D8D-4422-8CDB-200FB7EAA9B9}.Debug|Any CPU.Build.0 = Debug|Any CPU
		{C5387BF4-2D8D-4422-8CDB-200FB7EAA9B9}.Release|Any CPU.ActiveCfg = Release|Any CPU
		{C5387BF4-2D8D-4422-8CDB-200FB7EAA9B9}.Release|Any CPU.Build.0 = Release|Any CPU
	EndGlobalSection
	GlobalSection(SolutionProperties) = preSolution
		HideSolutionNode = FALSE
	EndGlobalSection
	GlobalSection(ExtensibilityGlobals) = postSolution
		SolutionGuid = {9E936620-CBBB-4639-9010-41F81074E606}
	EndGlobalSection
EndGlobal
