
Microsoft Visual Studio Solution File, Format Version 12.00
# Visual Studio Version 16
VisualStudioVersion = 16.0.32630.194
MinimumVisualStudioVersion = 10.0.40219.1
Project("{FAE04EC0-301F-11D3-BF4B-00C04F79EFBC}") = "DataControlsDemo", "DataControlsDemo.csproj", "{A156C685-D9F1-4593-B1E5-D331C3777700}"
EndProject
Global
	GlobalSection(SolutionConfigurationPlatforms) = preSolution
		Debug|Any CPU = Debug|Any CPU
		Release|Any CPU = Release|Any CPU
	EndGlobalSection
	GlobalSection(ProjectConfigurationPlatforms) = postSolution
		{A156C685-D9F1-4593-B1E5-D331C3777700}.Debug|Any CPU.ActiveCfg = Debug|Any CPU
		{A156C685-D9F1-4593-B1E5-D331C3777700}.Debug|Any CPU.Build.0 = Debug|Any CPU
		{A156C685-D9F1-4593-B1E5-D331C3777700}.Release|Any CPU.ActiveCfg = Release|Any CPU
		{A156C685-D9F1-4593-B1E5-D331C3777700}.Release|Any CPU.Build.0 = Release|Any CPU
	EndGlobalSection
	GlobalSection(SolutionProperties) = preSolution
		HideSolutionNode = FALSE
	EndGlobalSection
	GlobalSection(ExtensibilityGlobals) = postSolution
		SolutionGuid = {439CCE72-641B-46AF-96DA-D341FC2CCB33}
	EndGlobalSection
EndGlobal
