
Microsoft Visual Studio Solution File, Format Version 12.00
# Visual Studio Version 16
VisualStudioVersion = 16.0.32630.194
MinimumVisualStudioVersion = 10.0.40219.1
Project("{FAE04EC0-301F-11D3-BF4B-00C04F79EFBC}") = "PolymorphismDemo", "PolymorphismDemo\PolymorphismDemo.csproj", "{21BB62C1-DEBA-4527-A73A-AB35D0978B50}"
EndProject
Global
	GlobalSection(SolutionConfigurationPlatforms) = preSolution
		Debug|Any CPU = Debug|Any CPU
		Release|Any CPU = Release|Any CPU
	EndGlobalSection
	GlobalSection(ProjectConfigurationPlatforms) = postSolution
		{21BB62C1-DEBA-4527-A73A-AB35D0978B50}.Debug|Any CPU.ActiveCfg = Debug|Any CPU
		{21BB62C1-DEBA-4527-A73A-AB35D0978B50}.Debug|Any CPU.Build.0 = Debug|Any CPU
		{21BB62C1-DEBA-4527-A73A-AB35D0978B50}.Release|Any CPU.ActiveCfg = Release|Any CPU
		{21BB62C1-DEBA-4527-A73A-AB35D0978B50}.Release|Any CPU.Build.0 = Release|Any CPU
	EndGlobalSection
	GlobalSection(SolutionProperties) = preSolution
		HideSolutionNode = FALSE
	EndGlobalSection
	GlobalSection(ExtensibilityGlobals) = postSolution
		SolutionGuid = {E5E8A558-E162-47B7-8E73-26F7F27A7743}
	EndGlobalSection
EndGlobal
