
Microsoft Visual Studio Solution File, Format Version 12.00
# Visual Studio Version 16
VisualStudioVersion = 16.0.32630.194
MinimumVisualStudioVersion = 10.0.40219.1
Project("{FAE04EC0-301F-11D3-BF4B-00C04F79EFBC}") = "StudentProgramUsingCollections", "StudentProgramUsingCollections.csproj", "{CAD74100-C0CE-4FEA-A941-ED70DA7E057A}"
EndProject
Project("{FAE04EC0-301F-11D3-BF4B-00C04F79EFBC}") = "Enumerable_Demo", "..\Enumerable_Demo\Enumerable_Demo.csproj", "{35552D06-C1F2-477C-AE7A-CAE0FEC577F8}"
EndProject
Project("{FAE04EC0-301F-11D3-BF4B-00C04F79EFBC}") = "Task_on EVent_Delagate", "..\..\Day13\Task_on EVent_Delagate\Task_on EVent_Delagate.csproj", "{2E53EF53-30F9-4344-8E20-1A2263E61A95}"
EndProject
Global
	GlobalSection(SolutionConfigurationPlatforms) = preSolution
		Debug|Any CPU = Debug|Any CPU
		Release|Any CPU = Release|Any CPU
	EndGlobalSection
	GlobalSection(ProjectConfigurationPlatforms) = postSolution
		{CAD74100-C0CE-4FEA-A941-ED70DA7E057A}.Debug|Any CPU.ActiveCfg = Debug|Any CPU
		{CAD74100-C0CE-4FEA-A941-ED70DA7E057A}.Debug|Any CPU.Build.0 = Debug|Any CPU
		{CAD74100-C0CE-4FEA-A941-ED70DA7E057A}.Release|Any CPU.ActiveCfg = Release|Any CPU
		{CAD74100-C0CE-4FEA-A941-ED70DA7E057A}.Release|Any CPU.Build.0 = Release|Any CPU
		{35552D06-C1F2-477C-AE7A-CAE0FEC577F8}.Debug|Any CPU.ActiveCfg = Debug|Any CPU
		{35552D06-C1F2-477C-AE7A-CAE0FEC577F8}.Debug|Any CPU.Build.0 = Debug|Any CPU
		{35552D06-C1F2-477C-AE7A-CAE0FEC577F8}.Release|Any CPU.ActiveCfg = Release|Any CPU
		{35552D06-C1F2-477C-AE7A-CAE0FEC577F8}.Release|Any CPU.Build.0 = Release|Any CPU
		{2E53EF53-30F9-4344-8E20-1A2263E61A95}.Debug|Any CPU.ActiveCfg = Debug|Any CPU
		{2E53EF53-30F9-4344-8E20-1A2263E61A95}.Debug|Any CPU.Build.0 = Debug|Any CPU
		{2E53EF53-30F9-4344-8E20-1A2263E61A95}.Release|Any CPU.ActiveCfg = Release|Any CPU
		{2E53EF53-30F9-4344-8E20-1A2263E61A95}.Release|Any CPU.Build.0 = Release|Any CPU
	EndGlobalSection
	GlobalSection(SolutionProperties) = preSolution
		HideSolutionNode = FALSE
	EndGlobalSection
	GlobalSection(ExtensibilityGlobals) = postSolution
		SolutionGuid = {F524FF51-6C63-4CBD-84C4-612412ADAE75}
	EndGlobalSection
EndGlobal
