
Microsoft Visual Studio Solution File, Format Version 12.00
# Visual Studio Version 16
VisualStudioVersion = 16.0.32630.194
MinimumVisualStudioVersion = 10.0.40219.1
Project("{FAE04EC0-301F-11D3-BF4B-00C04F79EFBC}") = "DempApi", "DempApi.csproj", "{EA3F565B-3021-42E0-844D-4AB8B4599B02}"
EndProject
Project("{FAE04EC0-301F-11D3-BF4B-00C04F79EFBC}") = "DisplayApi", "..\DisplayApi\DisplayApi.csproj", "{C9842150-9F93-4169-9427-55259B8E98C1}"
EndProject
Global
	GlobalSection(SolutionConfigurationPlatforms) = preSolution
		Debug|Any CPU = Debug|Any CPU
		Release|Any CPU = Release|Any CPU
	EndGlobalSection
	GlobalSection(ProjectConfigurationPlatforms) = postSolution
		{EA3F565B-3021-42E0-844D-4AB8B4599B02}.Debug|Any CPU.ActiveCfg = Debug|Any CPU
		{EA3F565B-3021-42E0-844D-4AB8B4599B02}.Debug|Any CPU.Build.0 = Debug|Any CPU
		{EA3F565B-3021-42E0-844D-4AB8B4599B02}.Release|Any CPU.ActiveCfg = Release|Any CPU
		{EA3F565B-3021-42E0-844D-4AB8B4599B02}.Release|Any CPU.Build.0 = Release|Any CPU
		{C9842150-9F93-4169-9427-55259B8E98C1}.Debug|Any CPU.ActiveCfg = Debug|Any CPU
		{C9842150-9F93-4169-9427-55259B8E98C1}.Debug|Any CPU.Build.0 = Debug|Any CPU
		{C9842150-9F93-4169-9427-55259B8E98C1}.Release|Any CPU.ActiveCfg = Release|Any CPU
		{C9842150-9F93-4169-9427-55259B8E98C1}.Release|Any CPU.Build.0 = Release|Any CPU
	EndGlobalSection
	GlobalSection(SolutionProperties) = preSolution
		HideSolutionNode = FALSE
	EndGlobalSection
	GlobalSection(ExtensibilityGlobals) = postSolution
		SolutionGuid = {70DDBF9E-A023-4ADC-89C1-05097166162D}
	EndGlobalSection
EndGlobal
