
Microsoft Visual Studio Solution File, Format Version 12.00
# Visual Studio Version 16
VisualStudioVersion = 16.0.32630.194
MinimumVisualStudioVersion = 10.0.40219.1
Project("{FAE04EC0-301F-11D3-BF4B-00C04F79EFBC}") = "Static", "Static\Static.csproj", "{40E9145B-9279-4B13-9151-9B4829BB6C25}"
EndProject
Global
	GlobalSection(SolutionConfigurationPlatforms) = preSolution
		Debug|Any CPU = Debug|Any CPU
		Release|Any CPU = Release|Any CPU
	EndGlobalSection
	GlobalSection(ProjectConfigurationPlatforms) = postSolution
		{40E9145B-9279-4B13-9151-9B4829BB6C25}.Debug|Any CPU.ActiveCfg = Debug|Any CPU
		{40E9145B-9279-4B13-9151-9B4829BB6C25}.Debug|Any CPU.Build.0 = Debug|Any CPU
		{40E9145B-9279-4B13-9151-9B4829BB6C25}.Release|Any CPU.ActiveCfg = Release|Any CPU
		{40E9145B-9279-4B13-9151-9B4829BB6C25}.Release|Any CPU.Build.0 = Release|Any CPU
	EndGlobalSection
	GlobalSection(SolutionProperties) = preSolution
		HideSolutionNode = FALSE
	EndGlobalSection
	GlobalSection(ExtensibilityGlobals) = postSolution
		SolutionGuid = {74CDB904-9385-4AF0-A701-78BB6FA6E6F1}
	EndGlobalSection
EndGlobal
