
Microsoft Visual Studio Solution File, Format Version 12.00
# Visual Studio Version 16
VisualStudioVersion = 16.0.32630.194
MinimumVisualStudioVersion = 10.0.40219.1
Project("{FAE04EC0-301F-11D3-BF4B-00C04F79EFBC}") = "GC_Memory_Demo", "GC_Memory_Demo.csproj", "{D049DCE4-13F5-485C-82BE-237A28545EC4}"
EndProject
Global
	GlobalSection(SolutionConfigurationPlatforms) = preSolution
		Debug|Any CPU = Debug|Any CPU
		Release|Any CPU = Release|Any CPU
	EndGlobalSection
	GlobalSection(ProjectConfigurationPlatforms) = postSolution
		{D049DCE4-13F5-485C-82BE-237A28545EC4}.Debug|Any CPU.ActiveCfg = Debug|Any CPU
		{D049DCE4-13F5-485C-82BE-237A28545EC4}.Debug|Any CPU.Build.0 = Debug|Any CPU
		{D049DCE4-13F5-485C-82BE-237A28545EC4}.Release|Any CPU.ActiveCfg = Release|Any CPU
		{D049DCE4-13F5-485C-82BE-237A28545EC4}.Release|Any CPU.Build.0 = Release|Any CPU
	EndGlobalSection
	GlobalSection(SolutionProperties) = preSolution
		HideSolutionNode = FALSE
	EndGlobalSection
	GlobalSection(ExtensibilityGlobals) = postSolution
		SolutionGuid = {57620ED2-9715-46C8-ABED-409A1D811A5B}
	EndGlobalSection
EndGlobal
