
Microsoft Visual Studio Solution File, Format Version 12.00
# Visual Studio Version 16
VisualStudioVersion = 16.0.32630.194
MinimumVisualStudioVersion = 10.0.40219.1
Project("{FAE04EC0-301F-11D3-BF4B-00C04F79EFBC}") = "Practice_Linq", "Practice_Linq.csproj", "{EB4A2C70-2404-4530-A039-801E6EC90E00}"
EndProject
Global
	GlobalSection(SolutionConfigurationPlatforms) = preSolution
		Debug|Any CPU = Debug|Any CPU
		Release|Any CPU = Release|Any CPU
	EndGlobalSection
	GlobalSection(ProjectConfigurationPlatforms) = postSolution
		{EB4A2C70-2404-4530-A039-801E6EC90E00}.Debug|Any CPU.ActiveCfg = Debug|Any CPU
		{EB4A2C70-2404-4530-A039-801E6EC90E00}.Debug|Any CPU.Build.0 = Debug|Any CPU
		{EB4A2C70-2404-4530-A039-801E6EC90E00}.Release|Any CPU.ActiveCfg = Release|Any CPU
		{EB4A2C70-2404-4530-A039-801E6EC90E00}.Release|Any CPU.Build.0 = Release|Any CPU
	EndGlobalSection
	GlobalSection(SolutionProperties) = preSolution
		HideSolutionNode = FALSE
	EndGlobalSection
	GlobalSection(ExtensibilityGlobals) = postSolution
		SolutionGuid = {6D27EFF4-1F9F-4D7A-8818-4A29942AD990}
	EndGlobalSection
EndGlobal
