
Microsoft Visual Studio Solution File, Format Version 12.00
# Visual Studio Version 16
VisualStudioVersion = 16.0.32630.194
MinimumVisualStudioVersion = 10.0.40219.1
Project("{FAE04EC0-301F-11D3-BF4B-00C04F79EFBC}") = "MVC Demo", "MVC Demo.csproj", "{CA72E720-A4B7-435E-84DD-9671E39F060A}"
EndProject
Project("{FAE04EC0-301F-11D3-BF4B-00C04F79EFBC}") = "WebApplicationDemo", "..\WebApplicationDemo\WebApplicationDemo.csproj", "{1655AA47-C769-458A-AF6C-870E4EBE6F74}"
EndProject
Global
	GlobalSection(SolutionConfigurationPlatforms) = preSolution
		Debug|Any CPU = Debug|Any CPU
		Release|Any CPU = Release|Any CPU
	EndGlobalSection
	GlobalSection(ProjectConfigurationPlatforms) = postSolution
		{CA72E720-A4B7-435E-84DD-9671E39F060A}.Debug|Any CPU.ActiveCfg = Debug|Any CPU
		{CA72E720-A4B7-435E-84DD-9671E39F060A}.Debug|Any CPU.Build.0 = Debug|Any CPU
		{CA72E720-A4B7-435E-84DD-9671E39F060A}.Release|Any CPU.ActiveCfg = Release|Any CPU
		{CA72E720-A4B7-435E-84DD-9671E39F060A}.Release|Any CPU.Build.0 = Release|Any CPU
		{1655AA47-C769-458A-AF6C-870E4EBE6F74}.Debug|Any CPU.ActiveCfg = Debug|Any CPU
		{1655AA47-C769-458A-AF6C-870E4EBE6F74}.Debug|Any CPU.Build.0 = Debug|Any CPU
		{1655AA47-C769-458A-AF6C-870E4EBE6F74}.Release|Any CPU.ActiveCfg = Release|Any CPU
		{1655AA47-C769-458A-AF6C-870E4EBE6F74}.Release|Any CPU.Build.0 = Release|Any CPU
	EndGlobalSection
	GlobalSection(SolutionProperties) = preSolution
		HideSolutionNode = FALSE
	EndGlobalSection
	GlobalSection(ExtensibilityGlobals) = postSolution
		SolutionGuid = {E1A5BE73-6188-449A-A963-6D9D103B7F10}
	EndGlobalSection
EndGlobal
