
Microsoft Visual Studio Solution File, Format Version 12.00
# Visual Studio Version 16
VisualStudioVersion = 16.0.32630.194
MinimumVisualStudioVersion = 10.0.40219.1
Project("{FAE04EC0-301F-11D3-BF4B-00C04F79EFBC}") = "Adonet", "Adonet.csproj", "{F76DD130-873A-43C7-9F99-7A90A692270E}"
EndProject
Global
	GlobalSection(SolutionConfigurationPlatforms) = preSolution
		Debug|Any CPU = Debug|Any CPU
		Release|Any CPU = Release|Any CPU
	EndGlobalSection
	GlobalSection(ProjectConfigurationPlatforms) = postSolution
		{F76DD130-873A-43C7-9F99-7A90A692270E}.Debug|Any CPU.ActiveCfg = Debug|Any CPU
		{F76DD130-873A-43C7-9F99-7A90A692270E}.Debug|Any CPU.Build.0 = Debug|Any CPU
		{F76DD130-873A-43C7-9F99-7A90A692270E}.Release|Any CPU.ActiveCfg = Release|Any CPU
		{F76DD130-873A-43C7-9F99-7A90A692270E}.Release|Any CPU.Build.0 = Release|Any CPU
	EndGlobalSection
	GlobalSection(SolutionProperties) = preSolution
		HideSolutionNode = FALSE
	EndGlobalSection
	GlobalSection(ExtensibilityGlobals) = postSolution
		SolutionGuid = {C1F69607-E570-48A5-9D98-BD8D3A4E9325}
	EndGlobalSection
EndGlobal
