
Microsoft Visual Studio Solution File, Format Version 12.00
# Visual Studio Version 16
VisualStudioVersion = 16.0.32630.194
MinimumVisualStudioVersion = 10.0.40219.1
Project("{FAE04EC0-301F-11D3-BF4B-00C04F79EFBC}") = "ExceptionDemo", "ExceptionDemo.csproj", "{6A2F129D-6D9F-4DB4-8528-4401A81C5E7A}"
EndProject
Global
	GlobalSection(SolutionConfigurationPlatforms) = preSolution
		Debug|Any CPU = Debug|Any CPU
		Release|Any CPU = Release|Any CPU
	EndGlobalSection
	GlobalSection(ProjectConfigurationPlatforms) = postSolution
		{6A2F129D-6D9F-4DB4-8528-4401A81C5E7A}.Debug|Any CPU.ActiveCfg = Debug|Any CPU
		{6A2F129D-6D9F-4DB4-8528-4401A81C5E7A}.Debug|Any CPU.Build.0 = Debug|Any CPU
		{6A2F129D-6D9F-4DB4-8528-4401A81C5E7A}.Release|Any CPU.ActiveCfg = Release|Any CPU
		{6A2F129D-6D9F-4DB4-8528-4401A81C5E7A}.Release|Any CPU.Build.0 = Release|Any CPU
	EndGlobalSection
	GlobalSection(SolutionProperties) = preSolution
		HideSolutionNode = FALSE
	EndGlobalSection
	GlobalSection(ExtensibilityGlobals) = postSolution
		SolutionGuid = {7201EA16-B242-49D2-AFBE-F24A0DC3B49B}
	EndGlobalSection
EndGlobal
