
Microsoft Visual Studio Solution File, Format Version 12.00
# Visual Studio Version 16
VisualStudioVersion = 16.0.32630.194
MinimumVisualStudioVersion = 10.0.40219.1
Project("{FAE04EC0-301F-11D3-BF4B-00C04F79EFBC}") = "ModelStateDemo", "ModelStateDemo.csproj", "{4712A135-6B62-424C-A5B6-DEAEEF5270AA}"
EndProject
Global
	GlobalSection(SolutionConfigurationPlatforms) = preSolution
		Debug|Any CPU = Debug|Any CPU
		Release|Any CPU = Release|Any CPU
	EndGlobalSection
	GlobalSection(ProjectConfigurationPlatforms) = postSolution
		{4712A135-6B62-424C-A5B6-DEAEEF5270AA}.Debug|Any CPU.ActiveCfg = Debug|Any CPU
		{4712A135-6B62-424C-A5B6-DEAEEF5270AA}.Debug|Any CPU.Build.0 = Debug|Any CPU
		{4712A135-6B62-424C-A5B6-DEAEEF5270AA}.Release|Any CPU.ActiveCfg = Release|Any CPU
		{4712A135-6B62-424C-A5B6-DEAEEF5270AA}.Release|Any CPU.Build.0 = Release|Any CPU
	EndGlobalSection
	GlobalSection(SolutionProperties) = preSolution
		HideSolutionNode = FALSE
	EndGlobalSection
	GlobalSection(ExtensibilityGlobals) = postSolution
		SolutionGuid = {8463D612-0DAC-49BA-B17E-C84C8E6A37C6}
	EndGlobalSection
EndGlobal
